
Microsoft Visual Studio Solution File, Format Version 12.00
# Visual Studio Version 17
VisualStudioVersion = 17.9.34723.18
MinimumVisualStudioVersion = 10.0.40219.1
Project("{2150E333-8FDC-42A3-9474-1A3956D46DE8}") = "Services", "Services", "{B2F68AFF-CCFB-4FFC-A31B-419F628B6D80}"
EndProject
Project("{2150E333-8FDC-42A3-9474-1A3956D46DE8}") = "Catalog", "Catalog", "{CD30F949-1D3B-4644-A1FB-2FAB13E3F3E3}"
EndProject
Project("{9A19103F-16F7-4668-BE54-9A1E7A4F7556}") = "Catalog.API", "Services\Catalog\Catalog.API\Catalog.API.csproj", "{E65EAC28-9C86-43C3-84BB-6C824580C627}"
EndProject
Project("{2150E333-8FDC-42A3-9474-1A3956D46DE8}") = "BuildingBlocks", "BuildingBlocks", "{C236B38A-8DDB-4A05-9A91-C4E02AE8945F}"
EndProject
Project("{FAE04EC0-301F-11D3-BF4B-00C04F79EFBC}") = "BuildingBlocks", "BuildingBlocks\BuildingBlocks\BuildingBlocks.csproj", "{BA0E61DD-5BB9-49FC-91EB-585E27B2D5F6}"
EndProject
Project("{E53339B2-1760-4266-BCC7-CA923CBCF16C}") = "docker-compose", "docker-compose.dcproj", "{BAD1D76E-4698-4420-A080-B121BFA983C0}"
EndProject
Project("{2150E333-8FDC-42A3-9474-1A3956D46DE8}") = "Basket", "Basket", "{D923FFAC-BC98-414B-A756-62468B75163E}"
EndProject
Project("{FAE04EC0-301F-11D3-BF4B-00C04F79EFBC}") = "Basket.API", "Services\Basket\Basket.API\Basket.API.csproj", "{1BBAE083-48C8-4140-844C-14E1E8067727}"
EndProject
Project("{2150E333-8FDC-42A3-9474-1A3956D46DE8}") = "Discount", "Discount", "{BD208806-D3F6-4950-BBCF-07155761BC21}"
EndProject
Project("{FAE04EC0-301F-11D3-BF4B-00C04F79EFBC}") = "Discount.Grpc", "Services\Discount\Discount.Grpc\Discount.Grpc.csproj", "{6FF4F000-01EE-4820-8933-1ADD9FF1C880}"
EndProject
Project("{2150E333-8FDC-42A3-9474-1A3956D46DE8}") = "Ordering", "Ordering", "{B9FE4747-22B2-4C1E-AD5D-292BFC4EF6C9}"
EndProject
Project("{FAE04EC0-301F-11D3-BF4B-00C04F79EFBC}") = "Ordering.API", "Services\Ordering\Ordering.API\Ordering.API.csproj", "{55734BEB-015E-4D04-B27A-7B2B6409F9B8}"
EndProject
Project("{FAE04EC0-301F-11D3-BF4B-00C04F79EFBC}") = "Ordering.Domain", "Services\Ordering\Ordering.Domain\Ordering.Domain.csproj", "{07FEB280-F16B-4F66-80E8-0AF431F64F6F}"
EndProject
Project("{FAE04EC0-301F-11D3-BF4B-00C04F79EFBC}") = "Ordering.Application", "Services\Ordering\Ordering.Application\Ordering.Application.csproj", "{04DC33E3-E7BE-4462-900D-7CBEE04F5FF4}"
EndProject
Project("{FAE04EC0-301F-11D3-BF4B-00C04F79EFBC}") = "Ordering.Infrastructure", "Services\Ordering\Ordering.Infrastructure\Ordering.Infrastructure.csproj", "{E6FF3385-3FFA-468D-B6C1-31B9469548C8}"
EndProject
Project("{FAE04EC0-301F-11D3-BF4B-00C04F79EFBC}") = "BuildingBlocks.Messaging", "BuildingBlocks\BuildingBlocks.Messaging\BuildingBlocks.Messaging.csproj", "{1554EF94-BB1E-411C-A46A-A2D486839056}"
EndProject
Project("{2150E333-8FDC-42A3-9474-1A3956D46DE8}") = "ApiGateways", "ApiGateways", "{F13B6BC0-E695-4121-9E04-5428B07B0EE7}"
EndProject
Project("{FAE04EC0-301F-11D3-BF4B-00C04F79EFBC}") = "YarpApiGateway", "ApiGateways\YarpApiGateway\YarpApiGateway.csproj", "{B447B1F2-7AB0-491F-A446-CB6D01BF29D2}"
EndProject
Project("{2150E333-8FDC-42A3-9474-1A3956D46DE8}") = "WebApps", "WebApps", "{90C7CB19-6E75-4BF2-B912-870CBBB47A47}"
EndProject
Project("{FAE04EC0-301F-11D3-BF4B-00C04F79EFBC}") = "Shopping.Web", "WebApps\Shopping.Web\Shopping.Web.csproj", "{C2091F12-84D4-4C48-88CB-B62504347661}"
EndProject
Global
	GlobalSection(SolutionConfigurationPlatforms) = preSolution
		Debug|Any CPU = Debug|Any CPU
		Release|Any CPU = Release|Any CPU
	EndGlobalSection
	GlobalSection(ProjectConfigurationPlatforms) = postSolution
		{E65EAC28-9C86-43C3-84BB-6C824580C627}.Debug|Any CPU.ActiveCfg = Debug|Any CPU
		{E65EAC28-9C86-43C3-84BB-6C824580C627}.Debug|Any CPU.Build.0 = Debug|Any CPU
		{E65EAC28-9C86-43C3-84BB-6C824580C627}.Release|Any CPU.ActiveCfg = Release|Any CPU
		{E65EAC28-9C86-43C3-84BB-6C824580C627}.Release|Any CPU.Build.0 = Release|Any CPU
		{BA0E61DD-5BB9-49FC-91EB-585E27B2D5F6}.Debug|Any CPU.ActiveCfg = Debug|Any CPU
		{BA0E61DD-5BB9-49FC-91EB-585E27B2D5F6}.Debug|Any CPU.Build.0 = Debug|Any CPU
		{BA0E61DD-5BB9-49FC-91EB-585E27B2D5F6}.Release|Any CPU.ActiveCfg = Release|Any CPU
		{BA0E61DD-5BB9-49FC-91EB-585E27B2D5F6}.Release|Any CPU.Build.0 = Release|Any CPU
		{BAD1D76E-4698-4420-A080-B121BFA983C0}.Debug|Any CPU.ActiveCfg = Debug|Any CPU
		{BAD1D76E-4698-4420-A080-B121BFA983C0}.Debug|Any CPU.Build.0 = Debug|Any CPU
		{BAD1D76E-4698-4420-A080-B121BFA983C0}.Release|Any CPU.ActiveCfg = Release|Any CPU
		{BAD1D76E-4698-4420-A080-B121BFA983C0}.Release|Any CPU.Build.0 = Release|Any CPU
		{1BBAE083-48C8-4140-844C-14E1E8067727}.Debug|Any CPU.ActiveCfg = Debug|Any CPU
		{1BBAE083-48C8-4140-844C-14E1E8067727}.Debug|Any CPU.Build.0 = Debug|Any CPU
		{1BBAE083-48C8-4140-844C-14E1E8067727}.Release|Any CPU.ActiveCfg = Release|Any CPU
		{1BBAE083-48C8-4140-844C-14E1E8067727}.Release|Any CPU.Build.0 = Release|Any CPU
		{6FF4F000-01EE-4820-8933-1ADD9FF1C880}.Debug|Any CPU.ActiveCfg = Debug|Any CPU
		{6FF4F000-01EE-4820-8933-1ADD9FF1C880}.Debug|Any CPU.Build.0 = Debug|Any CPU
		{6FF4F000-01EE-4820-8933-1ADD9FF1C880}.Release|Any CPU.ActiveCfg = Release|Any CPU
		{6FF4F000-01EE-4820-8933-1ADD9FF1C880}.Release|Any CPU.Build.0 = Release|Any CPU
		{55734BEB-015E-4D04-B27A-7B2B6409F9B8}.Debug|Any CPU.ActiveCfg = Debug|Any CPU
		{55734BEB-015E-4D04-B27A-7B2B6409F9B8}.Debug|Any CPU.Build.0 = Debug|Any CPU
		{55734BEB-015E-4D04-B27A-7B2B6409F9B8}.Release|Any CPU.ActiveCfg = Release|Any CPU
		{55734BEB-015E-4D04-B27A-7B2B6409F9B8}.Release|Any CPU.Build.0 = Release|Any CPU
		{07FEB280-F16B-4F66-80E8-0AF431F64F6F}.Debug|Any CPU.ActiveCfg = Debug|Any CPU
		{07FEB280-F16B-4F66-80E8-0AF431F64F6F}.Debug|Any CPU.Build.0 = Debug|Any CPU
		{07FEB280-F16B-4F66-80E8-0AF431F64F6F}.Release|Any CPU.ActiveCfg = Release|Any CPU
		{07FEB280-F16B-4F66-80E8-0AF431F64F6F}.Release|Any CPU.Build.0 = Release|Any CPU
		{04DC33E3-E7BE-4462-900D-7CBEE04F5FF4}.Debug|Any CPU.ActiveCfg = Debug|Any CPU
		{04DC33E3-E7BE-4462-900D-7CBEE04F5FF4}.Debug|Any CPU.Build.0 = Debug|Any CPU
		{04DC33E3-E7BE-4462-900D-7CBEE04F5FF4}.Release|Any CPU.ActiveCfg = Release|Any CPU
		{04DC33E3-E7BE-4462-900D-7CBEE04F5FF4}.Release|Any CPU.Build.0 = Release|Any CPU
		{E6FF3385-3FFA-468D-B6C1-31B9469548C8}.Debug|Any CPU.ActiveCfg = Debug|Any CPU
		{E6FF3385-3FFA-468D-B6C1-31B9469548C8}.Debug|Any CPU.Build.0 = Debug|Any CPU
		{E6FF3385-3FFA-468D-B6C1-31B9469548C8}.Release|Any CPU.ActiveCfg = Release|Any CPU
		{E6FF3385-3FFA-468D-B6C1-31B9469548C8}.Release|Any CPU.Build.0 = Release|Any CPU
		{1554EF94-BB1E-411C-A46A-A2D486839056}.Debug|Any CPU.ActiveCfg = Debug|Any CPU
		{1554EF94-BB1E-411C-A46A-A2D486839056}.Debug|Any CPU.Build.0 = Debug|Any CPU
		{1554EF94-BB1E-411C-A46A-A2D486839056}.Release|Any CPU.ActiveCfg = Release|Any CPU
		{1554EF94-BB1E-411C-A46A-A2D486839056}.Release|Any CPU.Build.0 = Release|Any CPU
		{B447B1F2-7AB0-491F-A446-CB6D01BF29D2}.Debug|Any CPU.ActiveCfg = Debug|Any CPU
		{B447B1F2-7AB0-491F-A446-CB6D01BF29D2}.Debug|Any CPU.Build.0 = Debug|Any CPU
		{B447B1F2-7AB0-491F-A446-CB6D01BF29D2}.Release|Any CPU.ActiveCfg = Release|Any CPU
		{B447B1F2-7AB0-491F-A446-CB6D01BF29D2}.Release|Any CPU.Build.0 = Release|Any CPU
		{C2091F12-84D4-4C48-88CB-B62504347661}.Debug|Any CPU.ActiveCfg = Debug|Any CPU
		{C2091F12-84D4-4C48-88CB-B62504347661}.Debug|Any CPU.Build.0 = Debug|Any CPU
		{C2091F12-84D4-4C48-88CB-B62504347661}.Release|Any CPU.ActiveCfg = Release|Any CPU
		{C2091F12-84D4-4C48-88CB-B62504347661}.Release|Any CPU.Build.0 = Release|Any CPU
	EndGlobalSection
	GlobalSection(SolutionProperties) = preSolution
		HideSolutionNode = FALSE
	EndGlobalSection
	GlobalSection(NestedProjects) = preSolution
		{CD30F949-1D3B-4644-A1FB-2FAB13E3F3E3} = {B2F68AFF-CCFB-4FFC-A31B-419F628B6D80}
		{E65EAC28-9C86-43C3-84BB-6C824580C627} = {CD30F949-1D3B-4644-A1FB-2FAB13E3F3E3}
		{BA0E61DD-5BB9-49FC-91EB-585E27B2D5F6} = {C236B38A-8DDB-4A05-9A91-C4E02AE8945F}
		{D923FFAC-BC98-414B-A756-62468B75163E} = {B2F68AFF-CCFB-4FFC-A31B-419F628B6D80}
		{1BBAE083-48C8-4140-844C-14E1E8067727} = {D923FFAC-BC98-414B-A756-62468B75163E}
		{BD208806-D3F6-4950-BBCF-07155761BC21} = {B2F68AFF-CCFB-4FFC-A31B-419F628B6D80}
		{6FF4F000-01EE-4820-8933-1ADD9FF1C880} = {BD208806-D3F6-4950-BBCF-07155761BC21}
		{B9FE4747-22B2-4C1E-AD5D-292BFC4EF6C9} = {B2F68AFF-CCFB-4FFC-A31B-419F628B6D80}
		{55734BEB-015E-4D04-B27A-7B2B6409F9B8} = {B9FE4747-22B2-4C1E-AD5D-292BFC4EF6C9}
		{07FEB280-F16B-4F66-80E8-0AF431F64F6F} = {B9FE4747-22B2-4C1E-AD5D-292BFC4EF6C9}
		{04DC33E3-E7BE-4462-900D-7CBEE04F5FF4} = {B9FE4747-22B2-4C1E-AD5D-292BFC4EF6C9}
		{E6FF3385-3FFA-468D-B6C1-31B9469548C8} = {B9FE4747-22B2-4C1E-AD5D-292BFC4EF6C9}
		{1554EF94-BB1E-411C-A46A-A2D486839056} = {C236B38A-8DDB-4A05-9A91-C4E02AE8945F}
		{B447B1F2-7AB0-491F-A446-CB6D01BF29D2} = {F13B6BC0-E695-4121-9E04-5428B07B0EE7}
		{C2091F12-84D4-4C48-88CB-B62504347661} = {90C7CB19-6E75-4BF2-B912-870CBBB47A47}
	EndGlobalSection
	GlobalSection(ExtensibilityGlobals) = postSolution
		SolutionGuid = {F6496AC5-0253-4845-BC33-EDAE15158424}
	EndGlobalSection
EndGlobal
